
Microsoft Visual Studio Solution File, Format Version 12.00
# Visual Studio Version 17
VisualStudioVersion = 17.3.32901.215
MinimumVisualStudioVersion = 10.0.40219.1
Project("{FAE04EC0-301F-11D3-BF4B-00C04F79EFBC}") = "Sender_Production_Code", "Sender_Production_Code\Sender_Production_Code.csproj", "{BD03C6A8-2D43-48FD-BF08-6F607BDFE4F6}"
EndProject
Global
	GlobalSection(SolutionConfigurationPlatforms) = preSolution
		Debug|Any CPU = Debug|Any CPU
		Release|Any CPU = Release|Any CPU
	EndGlobalSection
	GlobalSection(ProjectConfigurationPlatforms) = postSolution
		{BD03C6A8-2D43-48FD-BF08-6F607BDFE4F6}.Debug|Any CPU.ActiveCfg = Debug|Any CPU
		{BD03C6A8-2D43-48FD-BF08-6F607BDFE4F6}.Debug|Any CPU.Build.0 = Debug|Any CPU
		{BD03C6A8-2D43-48FD-BF08-6F607BDFE4F6}.Release|Any CPU.ActiveCfg = Release|Any CPU
		{BD03C6A8-2D43-48FD-BF08-6F607BDFE4F6}.Release|Any CPU.Build.0 = Release|Any CPU
	EndGlobalSection
	GlobalSection(SolutionProperties) = preSolution
		HideSolutionNode = FALSE
	EndGlobalSection
	GlobalSection(ExtensibilityGlobals) = postSolution
		SolutionGuid = {00404EF6-D0FC-4846-889F-20E33DB05CD9}
	EndGlobalSection
EndGlobal
